# THIS IS AN AUTOGENERATED FILE. DO NOT EDIT THIS FILE DIRECTLY.
# yarn lockfile v1


minimist@^1.2.0:
  version "1.2.0"
  resolved "http://registry.npmjs.org/minimist/-/minimist-1.2.0.tgz#a35008b20f41383eec1fb914f4cd5df79a264284"

random-words@^1.1.0:
  version "1.1.0"
  resolved "https://registry.yarnpkg.com/random-words/-/random-words-1.1.0.tgz#d42f9775d14ef5c58fd255968158303e1daa0a22"
